
Microsoft Visual Studio Solution File, Format Version 11.00
# Visual Studio 2010
Project("{FAE04EC0-301F-11D3-BF4B-00C04F79EFBC}") = "NAccelerate", "NAccelerate.csproj", "{DBE9E7F5-B368-4761-8A67-B10977D708BE}"
EndProject
Global
	GlobalSection(SolutionConfigurationPlatforms) = preSolution
		Debug|Any CPU = Debug|Any CPU
		Release|Any CPU = Release|Any CPU
	EndGlobalSection
	GlobalSection(ProjectConfigurationPlatforms) = postSolution
		{DBE9E7F5-B368-4761-8A67-B10977D708BE}.Debug|Any CPU.ActiveCfg = Debug|Any CPU
		{DBE9E7F5-B368-4761-8A67-B10977D708BE}.Debug|Any CPU.Build.0 = Debug|Any CPU
		{DBE9E7F5-B368-4761-8A67-B10977D708BE}.Release|Any CPU.ActiveCfg = Release|Any CPU
		{DBE9E7F5-B368-4761-8A67-B10977D708BE}.Release|Any CPU.Build.0 = Release|Any CPU
	EndGlobalSection
	GlobalSection(SolutionProperties) = preSolution
		HideSolutionNode = FALSE
	EndGlobalSection
EndGlobal
